
Microsoft Visual Studio Solution File, Format Version 12.00
# Visual Studio Version 17
VisualStudioVersion = 17.0.31903.59
MinimumVisualStudioVersion = 10.0.40219.1
Project("{FAE04EC0-301F-11D3-BF4B-00C04F79EFBC}") = "SourceGenerator", "src\SourceGenerator\SourceGenerator.csproj", "{47FF6CB4-BBEC-4C55-9F55-4FC2F0E5BE7C}"
EndProject
Global
	GlobalSection(SolutionConfigurationPlatforms) = preSolution
		Debug|Any CPU = Debug|Any CPU
		Release|Any CPU = Release|Any CPU
	EndGlobalSection
	GlobalSection(SolutionProperties) = preSolution
		HideSolutionNode = FALSE
	EndGlobalSection
	GlobalSection(ProjectConfigurationPlatforms) = postSolution
		{47FF6CB4-BBEC-4C55-9F55-4FC2F0E5BE7C}.Debug|Any CPU.ActiveCfg = Debug|Any CPU
		{47FF6CB4-BBEC-4C55-9F55-4FC2F0E5BE7C}.Debug|Any CPU.Build.0 = Debug|Any CPU
		{47FF6CB4-BBEC-4C55-9F55-4FC2F0E5BE7C}.Release|Any CPU.ActiveCfg = Release|Any CPU
		{47FF6CB4-BBEC-4C55-9F55-4FC2F0E5BE7C}.Release|Any CPU.Build.0 = Release|Any CPU
	EndGlobalSection
	GlobalSection(NestedProjects) = preSolution
	EndGlobalSection
EndGlobal
